// !$*UTF8*$!
{
	archiveVersion = 1;
	classes = {
	};
	objectVersion = 77;
	objects = {

/* Begin PBXBuildFile section */
		0064D6CCA07C17B351E704FE /* AgentHostTool.swift in Sources */ = {isa = PBXBuildFile; fileRef = 1B4D321398D7E10555802D9F /* AgentHostTool.swift */; };
		062CDF46DE094E7FAA57B505 /* SkillToolRuntime.swift in Sources */ = {isa = PBXBuildFile; fileRef = 123027FD36720A5F37B945F5 /* SkillToolRuntime.swift */; };
		0BCD6B56BC019566B68191AB /* FileSummaryServiceTests.swift in Sources */ = {isa = PBXBuildFile; fileRef = 36CF2D61C9C4F8518467BDBB /* FileSummaryServiceTests.swift */; };
		0D0079FBE59AF415B552211F /* LocalizationCoverageTests.swift in Sources */ = {isa = PBXBuildFile; fileRef = 2786CDACA256972DC2ECF363 /* LocalizationCoverageTests.swift */; };
		109C885C8C54D0CDB864F9A5 /* OnboardingView.swift in Sources */ = {isa = PBXBuildFile; fileRef = 223BD5AC49BC6D8392DC2FD5 /* OnboardingView.swift */; };
		17571DB3AF98F84B9ACCEFAC /* DownloadCoordinator.swift in Sources */ = {isa = PBXBuildFile; fileRef = 07E06AC16C853536E311BA34 /* DownloadCoordinator.swift */; };
		17DDB1D0BC7305DC6A33BF54 /* AppLogService.swift in Sources */ = {isa = PBXBuildFile; fileRef = 9021C96F7CACC531E1190D9D /* AppLogService.swift */; };
		1803A0D5DC3335026AC0E5AE /* ProviderTests.swift in Sources */ = {isa = PBXBuildFile; fileRef = FEF4267D593581CD58AA17C5 /* ProviderTests.swift */; };
		19310935F0A7DA7AE25AB8B6 /* LLMProviders.swift in Sources */ = {isa = PBXBuildFile; fileRef = 1E2841AC565E2C180CE122C2 /* LLMProviders.swift */; };
		205D68171D54121289A9DF14 /* SkillToolRuntime.swift in Sources */ = {isa = PBXBuildFile; fileRef = 123027FD36720A5F37B945F5 /* SkillToolRuntime.swift */; };
		25446E8EBCD8DB2D43F36121 /* FileContentHasherTests.swift in Sources */ = {isa = PBXBuildFile; fileRef = 93AF189A6E886107AA525ED4 /* FileContentHasherTests.swift */; };
		25F4F037026B133DF6FBBD81 /* AccelerateVectorStore.swift in Sources */ = {isa = PBXBuildFile; fileRef = E16E128627D1FAF79016D738 /* AccelerateVectorStore.swift */; };
		2C2164A680993E7AFDA06680 /* AppSettingsTests.swift in Sources */ = {isa = PBXBuildFile; fileRef = 1DDEE9EB899F17FB57569A2A /* AppSettingsTests.swift */; };
		2EAD682AF620F5C5BBBB3DAD /* EmbeddingProviders.swift in Sources */ = {isa = PBXBuildFile; fileRef = D9625AF00E9C156137E913EF /* EmbeddingProviders.swift */; };
		39C231D2FB950680F4A1510F /* LaunchAtLoginService.swift in Sources */ = {isa = PBXBuildFile; fileRef = 6AD85EC7E3721FE271E568E7 /* LaunchAtLoginService.swift */; };
		39C69B9FFD1FC6A97D3F5A7A /* LocalArchiveDocumentExtractor.swift in Sources */ = {isa = PBXBuildFile; fileRef = 83A36E51998EEBF3C18DBB26 /* LocalArchiveDocumentExtractor.swift */; };
		3A4FA057F752A7DA6ED038B9 /* DocumentTreeNavigator.swift in Sources */ = {isa = PBXBuildFile; fileRef = 5D5696358B1F92AD48267E65 /* DocumentTreeNavigator.swift */; };
		3C2FA6B98BE8E51541AFE2D5 /* RulesView.swift in Sources */ = {isa = PBXBuildFile; fileRef = EF170772F5419E6FA6D2AC01 /* RulesView.swift */; };
		3F2AEC1B7DB37C42CE6653DE /* ChatService.swift in Sources */ = {isa = PBXBuildFile; fileRef = 8BC13866E4DE2369E11F04E4 /* ChatService.swift */; };
		3FD55A45333F5F9E7F7999BB /* ChatServiceTests.swift in Sources */ = {isa = PBXBuildFile; fileRef = C7F32D12E48807558F2E0953 /* ChatServiceTests.swift */; };
		4424DA9C44EBB0F82DE34FC4 /* RAGFeedbackView.swift in Sources */ = {isa = PBXBuildFile; fileRef = BC9488E7EC05DA35DA043E28 /* RAGFeedbackView.swift */; };
		45DCE8AE103F5301D86ABD45 /* AgentSkillService.swift in Sources */ = {isa = PBXBuildFile; fileRef = 44714A8C4D511725EE1E8524 /* AgentSkillService.swift */; };
		47F2BC7EB6E2CD2AEF302180 /* FileWatcherService.swift in Sources */ = {isa = PBXBuildFile; fileRef = EB409BFD16A49BF17B904414 /* FileWatcherService.swift */; };
		4A49D4D410474E7E805A58DB /* ZIPFoundation in Frameworks */ = {isa = PBXBuildFile; productRef = 101F44DB3C904905BA9E50BB /* ZIPFoundation */; };
		4B461762DB0DC67A53CA2EB9 /* ZIPFoundation in Frameworks */ = {isa = PBXBuildFile; productRef = 190F7700405997953654E162 /* ZIPFoundation */; };
		4E24DDB45B41D46F0FD06CF2 /* GlobalHotKeyService.swift in Sources */ = {isa = PBXBuildFile; fileRef = 84B15BFCEE47362DDAFEBC65 /* GlobalHotKeyService.swift */; };
		50AE38AEDA9ADC2CA48D5AC5 /* OMPAgentHostService.swift in Sources */ = {isa = PBXBuildFile; fileRef = 801C8A874B9FDB8E9CC41188 /* OMPAgentHostService.swift */; };
		535C4C61FC49458FFCCC940F /* SQLiteVec in Frameworks */ = {isa = PBXBuildFile; productRef = 8816A508D9E30086057930AC /* SQLiteVec */; };
		54889080C83515EAB09F8ADA /* AgentAttachedDocument.swift in Sources */ = {isa = PBXBuildFile; fileRef = 0C7738D2E69B65DE34BC2499 /* AgentAttachedDocument.swift */; };
		552EE7BDC7AB9F178BDB65A6 /* FileSubfolderClassifier.swift in Sources */ = {isa = PBXBuildFile; fileRef = C9A8EA592BDC9D941191D08E /* FileSubfolderClassifier.swift */; };
		58C60715E5958EC742B4C465 /* OrganizerServiceTests.swift in Sources */ = {isa = PBXBuildFile; fileRef = 3852187AB6DFCAF137FE021B /* OrganizerServiceTests.swift */; };
		5C692283F5741559C274CE53 /* DesignSystem.swift in Sources */ = {isa = PBXBuildFile; fileRef = 502A8F6440EE3876771CAB8C /* DesignSystem.swift */; };
		5C6D3C7EED81A638A3B6FE8B /* AppUpdateService.swift in Sources */ = {isa = PBXBuildFile; fileRef = D61B0E3BB30ADB3088A65FD4 /* AppUpdateService.swift */; };
		5E523175D5F8F4F0428ACAB2 /* FileContentHasher.swift in Sources */ = {isa = PBXBuildFile; fileRef = F358502FCADBC66CD3727C7F /* FileContentHasher.swift */; };
		5F68F392524A348200FDA99D /* AppSettings.swift in Sources */ = {isa = PBXBuildFile; fileRef = 07F627F75F60ECBD269437A6 /* AppSettings.swift */; };
		5FA431EEF8353C868350B8FF /* OCRDocumentProcessor.swift in Sources */ = {isa = PBXBuildFile; fileRef = B0074C4678D01C5C464228C9 /* OCRDocumentProcessor.swift */; };
		619BA81D48D5114F7D7146D1 /* MainView.swift in Sources */ = {isa = PBXBuildFile; fileRef = 3ED860C7A38EA05934B40D2C /* MainView.swift */; };
		6518E053A5334B11CC5FECC1 /* AIRuleGenerator.swift in Sources */ = {isa = PBXBuildFile; fileRef = 8433DC917419F63B9601AB90 /* AIRuleGenerator.swift */; };
		65BB50C05836AFFBF88DFA9F /* ArchiveTestSupport.swift in Sources */ = {isa = PBXBuildFile; fileRef = EBA0D11578F2C0E4F0C6BF42 /* ArchiveTestSupport.swift */; };
		65CA327327B73F31240440FC /* RAGLearningService.swift in Sources */ = {isa = PBXBuildFile; fileRef = 88E04005FF9FE0F7CC30C37C /* RAGLearningService.swift */; };
		681BA571496E9D40BF36EB9F /* ContentExtractorTests.swift in Sources */ = {isa = PBXBuildFile; fileRef = D4BDDE8F83AD233317468507 /* ContentExtractorTests.swift */; };
		689C6F246D1DADC552E07313 /* QuickSearchPanel.swift in Sources */ = {isa = PBXBuildFile; fileRef = 217ED1BD609FC8CA031940F2 /* QuickSearchPanel.swift */; };
		6BB3287893C5D806DABEDD22 /* ChatContextManager.swift in Sources */ = {isa = PBXBuildFile; fileRef = 812F58B8B1E370C9E41AC685 /* ChatContextManager.swift */; };
		6FA1EF6DEB91E79B62A8D9D8 /* OrganizerService.swift in Sources */ = {isa = PBXBuildFile; fileRef = 32F78A71B3DCB8483A341C7A /* OrganizerService.swift */; };
		738623A6F243BE6B0326C280 /* SettingsView.swift in Sources */ = {isa = PBXBuildFile; fileRef = 92AB18FB7207E6AAFB5AC33F /* SettingsView.swift */; };
		7495B95738F822F9BA5DC7DE /* OMPAgentEngine.swift in Sources */ = {isa = PBXBuildFile; fileRef = 390B0AAEA832924435AB959E /* OMPAgentEngine.swift */; };
		750134831B313854FDD639B1 /* IndexerServiceTests.swift in Sources */ = {isa = PBXBuildFile; fileRef = D279A11830E6026464167E5D /* IndexerServiceTests.swift */; };
		774627DC21958FDE2E99C087 /* Assets.xcassets in Resources */ = {isa = PBXBuildFile; fileRef = 54BC25167D88C35FBCFDB01F /* Assets.xcassets */; };
		79ABCA0FFC6D322EA4448A74 /* RerankerServiceManager.swift in Sources */ = {isa = PBXBuildFile; fileRef = F38171219B7AC3A1FF963A0C /* RerankerServiceManager.swift */; };
		7C01A5CE17EBDFB072B323D9 /* Models.swift in Sources */ = {isa = PBXBuildFile; fileRef = 41ABE72DDFB85190D0B6DDD6 /* Models.swift */; };
		7F521007711937B112316C2C /* DoclingDocumentProcessorTests.swift in Sources */ = {isa = PBXBuildFile; fileRef = FB4342A416E7A8C573C6C0C9 /* DoclingDocumentProcessorTests.swift */; };
		7F8D94874A5A9B67A476E32E /* GRDB in Frameworks */ = {isa = PBXBuildFile; productRef = A5DA86309B1EC6717579503C /* GRDB */; };
		82C16095AFA6D931C7F69448 /* AgentEngineTests.swift in Sources */ = {isa = PBXBuildFile; fileRef = 8997DB797A95DC5C96C93BFF /* AgentEngineTests.swift */; };
		8533F041034D5B97AB5AE206 /* FileNestAgentToolGateway.swift in Sources */ = {isa = PBXBuildFile; fileRef = 6FD4BD19F2914F2D7ABC9E25 /* FileNestAgentToolGateway.swift */; };
		857B9C95B04104247BE51E01 /* IndexerService.swift in Sources */ = {isa = PBXBuildFile; fileRef = 5DE24403AF530F82278B6BC3 /* IndexerService.swift */; };
		85CDF972A6583F2C78AACFBB /* Skills in Resources */ = {isa = PBXBuildFile; fileRef = D604009DE4571B5F83AB5B40 /* Skills */; };
		87265031BCF5DF5E784BDF58 /* StatisticsView.swift in Sources */ = {isa = PBXBuildFile; fileRef = 4BD24682372EBBAB7E8E0E48 /* StatisticsView.swift */; };
		8BEA04EDE8D4B439EE224D21 /* AIRuleGeneratorTests.swift in Sources */ = {isa = PBXBuildFile; fileRef = 35C6B51B5FD06A5250D1301C /* AIRuleGeneratorTests.swift */; };
		91E4FCD02C332A942183BCE0 /* MenuBarView.swift in Sources */ = {isa = PBXBuildFile; fileRef = 6649AC190414A7EAA31FD24E /* MenuBarView.swift */; };
		938F9B4ED20BCE5F9164179E /* OCRProviders.swift in Sources */ = {isa = PBXBuildFile; fileRef = EA951D7F40D7C1191BC6D808 /* OCRProviders.swift */; };
		973F86E6A2DFBFF214A72876 /* LibraryView.swift in Sources */ = {isa = PBXBuildFile; fileRef = 0B1E54077AA4314A64BF946B /* LibraryView.swift */; };
		97977FA5FE426117B276E7F8 /* OMPRPCFrameDecoder.swift in Sources */ = {isa = PBXBuildFile; fileRef = 9DCF2FDCCA40D765A06DBB66 /* OMPRPCFrameDecoder.swift */; };
		9BE37ACCBD9A4B542903877A /* GRDB in Frameworks */ = {isa = PBXBuildFile; productRef = 64E59484A5961578C5B1A8A2 /* GRDB */; };
		9F2DDEB6C49B15E6EAD2FFC9 /* DoclingServiceManager.swift in Sources */ = {isa = PBXBuildFile; fileRef = DDE601367998B1A01F5BBC35 /* DoclingServiceManager.swift */; };
		9F838A2B83F874CAF4A49530 /* FileSummaryService.swift in Sources */ = {isa = PBXBuildFile; fileRef = 76AB49499CF6F2DE1415434C /* FileSummaryService.swift */; };
		A02F1E1580AA1F36CA2E8255 /* FileNestApp.swift in Sources */ = {isa = PBXBuildFile; fileRef = 0A8A793C6CFB7D4E6B507F3E /* FileNestApp.swift */; };
		AAF2A0951D5B8706E5654B4C /* AgentEngine.swift in Sources */ = {isa = PBXBuildFile; fileRef = 765FEF497A1A51108ACDA8D2 /* AgentEngine.swift */; };
		AE46E79C9E6F06B3F8E442FE /* OMPRPCConnection.swift in Sources */ = {isa = PBXBuildFile; fileRef = 283AF8939640B8244A83D4D7 /* OMPRPCConnection.swift */; };
		AF858DEA4596E60D4F744EE2 /* FileStabilityTrackerTests.swift in Sources */ = {isa = PBXBuildFile; fileRef = 7C1B8C692F4C1A7136F74DFF /* FileStabilityTrackerTests.swift */; };
		B2CC94B45128414A2C0C6330 /* FileEligibilityPolicy.swift in Sources */ = {isa = PBXBuildFile; fileRef = F8A570EDA948B6E37046E18A /* FileEligibilityPolicy.swift */; };
		B3774AF7D6283FD6955A9079 /* AppLogServiceTests.swift in Sources */ = {isa = PBXBuildFile; fileRef = 52AED83B94BFD772F7ED7A1E /* AppLogServiceTests.swift */; };
		B49D9D7EA98C6F84980EA311 /* SQLiteStore.swift in Sources */ = {isa = PBXBuildFile; fileRef = 8649BE2799C7BB363E75B4E0 /* SQLiteStore.swift */; };
		BB2DF823113251DFB6CE4257 /* OllamaServiceManager.swift in Sources */ = {isa = PBXBuildFile; fileRef = 9C4AE7D85E21287AE2C5B421 /* OllamaServiceManager.swift */; };
		BEBC03D76FF2213EB6A80707 /* AppState.swift in Sources */ = {isa = PBXBuildFile; fileRef = 7970E57A08715FE45E17523A /* AppState.swift */; };
		C61DEFAB9C27FF2224BE00C8 /* PromptCatalog.swift in Sources */ = {isa = PBXBuildFile; fileRef = 915DFBAB0D88A18EF3A6A6DC /* PromptCatalog.swift */; };
		C858C26590E234AE9B3FC73B /* AccelerateVectorStoreTests.swift in Sources */ = {isa = PBXBuildFile; fileRef = ACF82143A6594FB0098BAD8A /* AccelerateVectorStoreTests.swift */; };
		CC2060844D8D45F17E6EE1D6 /* DoclingDocumentProcessor.swift in Sources */ = {isa = PBXBuildFile; fileRef = F98BCDF2352B228C459EB5C5 /* DoclingDocumentProcessor.swift */; };
		CC4DD1E96E5ECD3F3C849804 /* Sparkle in Frameworks */ = {isa = PBXBuildFile; productRef = C1BDC54AEBEC9EC9960E5C72 /* Sparkle */; };
		CC538C9F464BEBCC83615E3C /* FileNestInstallation.swift in Sources */ = {isa = PBXBuildFile; fileRef = 7E84E840DA8AA00450F44C2B /* FileNestInstallation.swift */; };
		CD4F99C6664645D3ED3A68BE /* AgentJSONValue.swift in Sources */ = {isa = PBXBuildFile; fileRef = C0B30D6A72424A56D4FA3E8D /* AgentJSONValue.swift */; };
		CDF716F420D91A55CC38C246 /* AppStateTests.swift in Sources */ = {isa = PBXBuildFile; fileRef = 3F5C65ABB5663DA46CEF9876 /* AppStateTests.swift */; };
		CE9AF85986CD8EDCFBCA0A32 /* FilePreviewView.swift in Sources */ = {isa = PBXBuildFile; fileRef = 297D19E22AC1C76B71C6AF9A /* FilePreviewView.swift */; };
		CFEF238FB153D24FC6A03282 /* ChatView.swift in Sources */ = {isa = PBXBuildFile; fileRef = 27303B439066A29084763669 /* ChatView.swift */; };
		D468979A8C879103497D34A7 /* ContentExtractor.swift in Sources */ = {isa = PBXBuildFile; fileRef = B290655B42F0B0722076C1D9 /* ContentExtractor.swift */; };
		D83BB3A381E5D4F71B9493CA /* FileWatcherServiceTests.swift in Sources */ = {isa = PBXBuildFile; fileRef = BA0E2E173EE92362C7254410 /* FileWatcherServiceTests.swift */; };
		D9D9DE504E105FFD9A319390 /* OrganizationPolicy.swift in Sources */ = {isa = PBXBuildFile; fileRef = C1AF71E1C61D599A9EC1771B /* OrganizationPolicy.swift */; };
		DB2B0B62327C6A9AF298B065 /* DocumentTreeNavigatorTests.swift in Sources */ = {isa = PBXBuildFile; fileRef = E57416F52D94B04975991E7D /* DocumentTreeNavigatorTests.swift */; };
		E07FB88678266C2BF1E9F723 /* MarkdownUI in Frameworks */ = {isa = PBXBuildFile; productRef = B133311215B159A189D09E54 /* MarkdownUI */; };
		E3D3EF6FD2FFE5F40CEC6EE0 /* ReindexActivityView.swift in Sources */ = {isa = PBXBuildFile; fileRef = 9CA5D1539B5BF0191A893469 /* ReindexActivityView.swift */; };
		E7FA958F6DBE15D13D2B9355 /* SQLiteStoreTests.swift in Sources */ = {isa = PBXBuildFile; fileRef = 05F3FDF12A0309FE2F98566C /* SQLiteStoreTests.swift */; };
		E89F38010375D2AAFDA93164 /* RuleClassifierTests.swift in Sources */ = {isa = PBXBuildFile; fileRef = E5C17548A0C41EE3AB803FFF /* RuleClassifierTests.swift */; };
		E918FD0C40F7044E55A45FBB /* Localizable.strings in Resources */ = {isa = PBXBuildFile; fileRef = 98B9D2C4BC0A1E54992416E3 /* Localizable.strings */; };
		EA227DFDCB4F6967F9C3B8A6 /* FileNestSkillCLI.swift in Sources */ = {isa = PBXBuildFile; fileRef = E09CE0144C5B7E32314B3D42 /* FileNestSkillCLI.swift */; };
		F3168CC6B4DAF4165F79E7FC /* SkillToolRuntimeTests.swift in Sources */ = {isa = PBXBuildFile; fileRef = 2234876AD78FBE93C8037ED4 /* SkillToolRuntimeTests.swift */; };
		F3756EEC872DD311665B8684 /* Protocols.swift in Sources */ = {isa = PBXBuildFile; fileRef = 6B384135AFF13CA8C8B35647 /* Protocols.swift */; };
		F4687B636DC276423B58B9EF /* AgentSkillServiceTests.swift in Sources */ = {isa = PBXBuildFile; fileRef = A13F6E3E583635E529EED4C4 /* AgentSkillServiceTests.swift */; };
		F483106C890A5D06AC88546F /* FileStabilityTracker.swift in Sources */ = {isa = PBXBuildFile; fileRef = 6593BF0E6103F8909253FADE /* FileStabilityTracker.swift */; };
		F61EB8A961C03CC936046BB2 /* AgentHarness.swift in Sources */ = {isa = PBXBuildFile; fileRef = 6E74FD4FC2107956360A0805 /* AgentHarness.swift */; };
/* End PBXBuildFile section */

/* Begin PBXContainerItemProxy section */
		408DF4A9480A5BE857169796 /* PBXContainerItemProxy */ = {
			isa = PBXContainerItemProxy;
			containerPortal = ACE28B5881AECD5B8031A374 /* Project object */;
			proxyType = 1;
			remoteGlobalIDString = 5F08F20CC02E8F582FF7D550;
			remoteInfo = FileNest;
		};
/* End PBXContainerItemProxy section */

/* Begin PBXFileReference section */
		05F3FDF12A0309FE2F98566C /* SQLiteStoreTests.swift */ = {isa = PBXFileReference; lastKnownFileType = sourcecode.swift; path = SQLiteStoreTests.swift; sourceTree = "<group>"; };
		07E06AC16C853536E311BA34 /* DownloadCoordinator.swift */ = {isa = PBXFileReference; lastKnownFileType = sourcecode.swift; path = DownloadCoordinator.swift; sourceTree = "<group>"; };
		07F627F75F60ECBD269437A6 /* AppSettings.swift */ = {isa = PBXFileReference; lastKnownFileType = sourcecode.swift; path = AppSettings.swift; sourceTree = "<group>"; };
		0A8A793C6CFB7D4E6B507F3E /* FileNestApp.swift */ = {isa = PBXFileReference; lastKnownFileType = sourcecode.swift; path = FileNestApp.swift; sourceTree = "<group>"; };
		0B1E54077AA4314A64BF946B /* LibraryView.swift */ = {isa = PBXFileReference; lastKnownFileType = sourcecode.swift; path = LibraryView.swift; sourceTree = "<group>"; };
		0C7738D2E69B65DE34BC2499 /* AgentAttachedDocument.swift */ = {isa = PBXFileReference; lastKnownFileType = sourcecode.swift; path = AgentAttachedDocument.swift; sourceTree = "<group>"; };
		0EC590A60246A1F41F87AB27 /* en */ = {isa = PBXFileReference; lastKnownFileType = text.plist.strings; name = en; path = en.lproj/Localizable.strings; sourceTree = "<group>"; };
		123027FD36720A5F37B945F5 /* SkillToolRuntime.swift */ = {isa = PBXFileReference; lastKnownFileType = sourcecode.swift; path = SkillToolRuntime.swift; sourceTree = "<group>"; };
		1B4D321398D7E10555802D9F /* AgentHostTool.swift */ = {isa = PBXFileReference; lastKnownFileType = sourcecode.swift; path = AgentHostTool.swift; sourceTree = "<group>"; };
		1DDEE9EB899F17FB57569A2A /* AppSettingsTests.swift */ = {isa = PBXFileReference; lastKnownFileType = sourcecode.swift; path = AppSettingsTests.swift; sourceTree = "<group>"; };
		1E2841AC565E2C180CE122C2 /* LLMProviders.swift */ = {isa = PBXFileReference; lastKnownFileType = sourcecode.swift; path = LLMProviders.swift; sourceTree = "<group>"; };
		217ED1BD609FC8CA031940F2 /* QuickSearchPanel.swift */ = {isa = PBXFileReference; lastKnownFileType = sourcecode.swift; path = QuickSearchPanel.swift; sourceTree = "<group>"; };
		2234876AD78FBE93C8037ED4 /* SkillToolRuntimeTests.swift */ = {isa = PBXFileReference; lastKnownFileType = sourcecode.swift; path = SkillToolRuntimeTests.swift; sourceTree = "<group>"; };
		223BD5AC49BC6D8392DC2FD5 /* OnboardingView.swift */ = {isa = PBXFileReference; lastKnownFileType = sourcecode.swift; path = OnboardingView.swift; sourceTree = "<group>"; };
		27303B439066A29084763669 /* ChatView.swift */ = {isa = PBXFileReference; lastKnownFileType = sourcecode.swift; path = ChatView.swift; sourceTree = "<group>"; };
		2786CDACA256972DC2ECF363 /* LocalizationCoverageTests.swift */ = {isa = PBXFileReference; lastKnownFileType = sourcecode.swift; path = LocalizationCoverageTests.swift; sourceTree = "<group>"; };
		283AF8939640B8244A83D4D7 /* OMPRPCConnection.swift */ = {isa = PBXFileReference; lastKnownFileType = sourcecode.swift; path = OMPRPCConnection.swift; sourceTree = "<group>"; };
		297D19E22AC1C76B71C6AF9A /* FilePreviewView.swift */ = {isa = PBXFileReference; lastKnownFileType = sourcecode.swift; path = FilePreviewView.swift; sourceTree = "<group>"; };
		32F78A71B3DCB8483A341C7A /* OrganizerService.swift */ = {isa = PBXFileReference; lastKnownFileType = sourcecode.swift; path = OrganizerService.swift; sourceTree = "<group>"; };
		35C6B51B5FD06A5250D1301C /* AIRuleGeneratorTests.swift */ = {isa = PBXFileReference; lastKnownFileType = sourcecode.swift; path = AIRuleGeneratorTests.swift; sourceTree = "<group>"; };
		36CF2D61C9C4F8518467BDBB /* FileSummaryServiceTests.swift */ = {isa = PBXFileReference; lastKnownFileType = sourcecode.swift; path = FileSummaryServiceTests.swift; sourceTree = "<group>"; };
		3852187AB6DFCAF137FE021B /* OrganizerServiceTests.swift */ = {isa = PBXFileReference; lastKnownFileType = sourcecode.swift; path = OrganizerServiceTests.swift; sourceTree = "<group>"; };
		390B0AAEA832924435AB959E /* OMPAgentEngine.swift */ = {isa = PBXFileReference; lastKnownFileType = sourcecode.swift; path = OMPAgentEngine.swift; sourceTree = "<group>"; };
		3ED860C7A38EA05934B40D2C /* MainView.swift */ = {isa = PBXFileReference; lastKnownFileType = sourcecode.swift; path = MainView.swift; sourceTree = "<group>"; };
		3F5C65ABB5663DA46CEF9876 /* AppStateTests.swift */ = {isa = PBXFileReference; lastKnownFileType = sourcecode.swift; path = AppStateTests.swift; sourceTree = "<group>"; };
		41ABE72DDFB85190D0B6DDD6 /* Models.swift */ = {isa = PBXFileReference; lastKnownFileType = sourcecode.swift; path = Models.swift; sourceTree = "<group>"; };
		44714A8C4D511725EE1E8524 /* AgentSkillService.swift */ = {isa = PBXFileReference; lastKnownFileType = sourcecode.swift; path = AgentSkillService.swift; sourceTree = "<group>"; };
		4BD24682372EBBAB7E8E0E48 /* StatisticsView.swift */ = {isa = PBXFileReference; lastKnownFileType = sourcecode.swift; path = StatisticsView.swift; sourceTree = "<group>"; };
		502A8F6440EE3876771CAB8C /* DesignSystem.swift */ = {isa = PBXFileReference; lastKnownFileType = sourcecode.swift; path = DesignSystem.swift; sourceTree = "<group>"; };
		52AED83B94BFD772F7ED7A1E /* AppLogServiceTests.swift */ = {isa = PBXFileReference; lastKnownFileType = sourcecode.swift; path = AppLogServiceTests.swift; sourceTree = "<group>"; };
		54BC25167D88C35FBCFDB01F /* Assets.xcassets */ = {isa = PBXFileReference; lastKnownFileType = folder.assetcatalog; path = Assets.xcassets; sourceTree = "<group>"; };
		581C46E087A7CE99D4ED2B6F /* FileNestTests.xctest */ = {isa = PBXFileReference; explicitFileType = wrapper.cfbundle; includeInIndex = 0; path = FileNestTests.xctest; sourceTree = BUILT_PRODUCTS_DIR; };
		5D5696358B1F92AD48267E65 /* DocumentTreeNavigator.swift */ = {isa = PBXFileReference; lastKnownFileType = sourcecode.swift; path = DocumentTreeNavigator.swift; sourceTree = "<group>"; };
		5DE24403AF530F82278B6BC3 /* IndexerService.swift */ = {isa = PBXFileReference; lastKnownFileType = sourcecode.swift; path = IndexerService.swift; sourceTree = "<group>"; };
		6593BF0E6103F8909253FADE /* FileStabilityTracker.swift */ = {isa = PBXFileReference; lastKnownFileType = sourcecode.swift; path = FileStabilityTracker.swift; sourceTree = "<group>"; };
		6649AC190414A7EAA31FD24E /* MenuBarView.swift */ = {isa = PBXFileReference; lastKnownFileType = sourcecode.swift; path = MenuBarView.swift; sourceTree = "<group>"; };
		6AD85EC7E3721FE271E568E7 /* LaunchAtLoginService.swift */ = {isa = PBXFileReference; lastKnownFileType = sourcecode.swift; path = LaunchAtLoginService.swift; sourceTree = "<group>"; };
		6B384135AFF13CA8C8B35647 /* Protocols.swift */ = {isa = PBXFileReference; lastKnownFileType = sourcecode.swift; path = Protocols.swift; sourceTree = "<group>"; };
		6E74FD4FC2107956360A0805 /* AgentHarness.swift */ = {isa = PBXFileReference; lastKnownFileType = sourcecode.swift; path = AgentHarness.swift; sourceTree = "<group>"; };
		6FD4BD19F2914F2D7ABC9E25 /* FileNestAgentToolGateway.swift */ = {isa = PBXFileReference; lastKnownFileType = sourcecode.swift; path = FileNestAgentToolGateway.swift; sourceTree = "<group>"; };
		765FEF497A1A51108ACDA8D2 /* AgentEngine.swift */ = {isa = PBXFileReference; lastKnownFileType = sourcecode.swift; path = AgentEngine.swift; sourceTree = "<group>"; };
		76AB49499CF6F2DE1415434C /* FileSummaryService.swift */ = {isa = PBXFileReference; lastKnownFileType = sourcecode.swift; path = FileSummaryService.swift; sourceTree = "<group>"; };
		7970E57A08715FE45E17523A /* AppState.swift */ = {isa = PBXFileReference; lastKnownFileType = sourcecode.swift; path = AppState.swift; sourceTree = "<group>"; };
		7C1B8C692F4C1A7136F74DFF /* FileStabilityTrackerTests.swift */ = {isa = PBXFileReference; lastKnownFileType = sourcecode.swift; path = FileStabilityTrackerTests.swift; sourceTree = "<group>"; };
		7E84E840DA8AA00450F44C2B /* FileNestInstallation.swift */ = {isa = PBXFileReference; lastKnownFileType = sourcecode.swift; path = FileNestInstallation.swift; sourceTree = "<group>"; };
		801C8A874B9FDB8E9CC41188 /* OMPAgentHostService.swift */ = {isa = PBXFileReference; lastKnownFileType = sourcecode.swift; path = OMPAgentHostService.swift; sourceTree = "<group>"; };
		812F58B8B1E370C9E41AC685 /* ChatContextManager.swift */ = {isa = PBXFileReference; lastKnownFileType = sourcecode.swift; path = ChatContextManager.swift; sourceTree = "<group>"; };
		83A36E51998EEBF3C18DBB26 /* LocalArchiveDocumentExtractor.swift */ = {isa = PBXFileReference; lastKnownFileType = sourcecode.swift; path = LocalArchiveDocumentExtractor.swift; sourceTree = "<group>"; };
		8433DC917419F63B9601AB90 /* AIRuleGenerator.swift */ = {isa = PBXFileReference; lastKnownFileType = sourcecode.swift; path = AIRuleGenerator.swift; sourceTree = "<group>"; };
		84B15BFCEE47362DDAFEBC65 /* GlobalHotKeyService.swift */ = {isa = PBXFileReference; lastKnownFileType = sourcecode.swift; path = GlobalHotKeyService.swift; sourceTree = "<group>"; };
		8649BE2799C7BB363E75B4E0 /* SQLiteStore.swift */ = {isa = PBXFileReference; lastKnownFileType = sourcecode.swift; path = SQLiteStore.swift; sourceTree = "<group>"; };
		88E04005FF9FE0F7CC30C37C /* RAGLearningService.swift */ = {isa = PBXFileReference; lastKnownFileType = sourcecode.swift; path = RAGLearningService.swift; sourceTree = "<group>"; };
		8997DB797A95DC5C96C93BFF /* AgentEngineTests.swift */ = {isa = PBXFileReference; lastKnownFileType = sourcecode.swift; path = AgentEngineTests.swift; sourceTree = "<group>"; };
		8BC13866E4DE2369E11F04E4 /* ChatService.swift */ = {isa = PBXFileReference; lastKnownFileType = sourcecode.swift; path = ChatService.swift; sourceTree = "<group>"; };
		9021C96F7CACC531E1190D9D /* AppLogService.swift */ = {isa = PBXFileReference; lastKnownFileType = sourcecode.swift; path = AppLogService.swift; sourceTree = "<group>"; };
		915DFBAB0D88A18EF3A6A6DC /* PromptCatalog.swift */ = {isa = PBXFileReference; lastKnownFileType = sourcecode.swift; path = PromptCatalog.swift; sourceTree = "<group>"; };
		92AB18FB7207E6AAFB5AC33F /* SettingsView.swift */ = {isa = PBXFileReference; lastKnownFileType = sourcecode.swift; path = SettingsView.swift; sourceTree = "<group>"; };
		93AF189A6E886107AA525ED4 /* FileContentHasherTests.swift */ = {isa = PBXFileReference; lastKnownFileType = sourcecode.swift; path = FileContentHasherTests.swift; sourceTree = "<group>"; };
		9C4AE7D85E21287AE2C5B421 /* OllamaServiceManager.swift */ = {isa = PBXFileReference; lastKnownFileType = sourcecode.swift; path = OllamaServiceManager.swift; sourceTree = "<group>"; };
		9CA5D1539B5BF0191A893469 /* ReindexActivityView.swift */ = {isa = PBXFileReference; lastKnownFileType = sourcecode.swift; path = ReindexActivityView.swift; sourceTree = "<group>"; };
		9DCF2FDCCA40D765A06DBB66 /* OMPRPCFrameDecoder.swift */ = {isa = PBXFileReference; lastKnownFileType = sourcecode.swift; path = OMPRPCFrameDecoder.swift; sourceTree = "<group>"; };
		9E792A846DAEB2DEAC97A618 /* FileNest.app */ = {isa = PBXFileReference; explicitFileType = wrapper.application; includeInIndex = 0; path = FileNest.app; sourceTree = BUILT_PRODUCTS_DIR; };
		A13F6E3E583635E529EED4C4 /* AgentSkillServiceTests.swift */ = {isa = PBXFileReference; lastKnownFileType = sourcecode.swift; path = AgentSkillServiceTests.swift; sourceTree = "<group>"; };
		ACF82143A6594FB0098BAD8A /* AccelerateVectorStoreTests.swift */ = {isa = PBXFileReference; lastKnownFileType = sourcecode.swift; path = AccelerateVectorStoreTests.swift; sourceTree = "<group>"; };
		B0074C4678D01C5C464228C9 /* OCRDocumentProcessor.swift */ = {isa = PBXFileReference; lastKnownFileType = sourcecode.swift; path = OCRDocumentProcessor.swift; sourceTree = "<group>"; };
		B290655B42F0B0722076C1D9 /* ContentExtractor.swift */ = {isa = PBXFileReference; lastKnownFileType = sourcecode.swift; path = ContentExtractor.swift; sourceTree = "<group>"; };
		BA0E2E173EE92362C7254410 /* FileWatcherServiceTests.swift */ = {isa = PBXFileReference; lastKnownFileType = sourcecode.swift; path = FileWatcherServiceTests.swift; sourceTree = "<group>"; };
		BC9488E7EC05DA35DA043E28 /* RAGFeedbackView.swift */ = {isa = PBXFileReference; lastKnownFileType = sourcecode.swift; path = RAGFeedbackView.swift; sourceTree = "<group>"; };
		BD8EABE9FA5CB20261C9D250 /* FileNestSkillCLI */ = {isa = PBXFileReference; includeInIndex = 0; path = FileNestSkillCLI; sourceTree = BUILT_PRODUCTS_DIR; };
		C0B30D6A72424A56D4FA3E8D /* AgentJSONValue.swift */ = {isa = PBXFileReference; lastKnownFileType = sourcecode.swift; path = AgentJSONValue.swift; sourceTree = "<group>"; };
		C1AF71E1C61D599A9EC1771B /* OrganizationPolicy.swift */ = {isa = PBXFileReference; lastKnownFileType = sourcecode.swift; path = OrganizationPolicy.swift; sourceTree = "<group>"; };
		C7F32D12E48807558F2E0953 /* ChatServiceTests.swift */ = {isa = PBXFileReference; lastKnownFileType = sourcecode.swift; path = ChatServiceTests.swift; sourceTree = "<group>"; };
		C9A8EA592BDC9D941191D08E /* FileSubfolderClassifier.swift */ = {isa = PBXFileReference; lastKnownFileType = sourcecode.swift; path = FileSubfolderClassifier.swift; sourceTree = "<group>"; };
		D279A11830E6026464167E5D /* IndexerServiceTests.swift */ = {isa = PBXFileReference; lastKnownFileType = sourcecode.swift; path = IndexerServiceTests.swift; sourceTree = "<group>"; };
		D4BDDE8F83AD233317468507 /* ContentExtractorTests.swift */ = {isa = PBXFileReference; lastKnownFileType = sourcecode.swift; path = ContentExtractorTests.swift; sourceTree = "<group>"; };
		D604009DE4571B5F83AB5B40 /* Skills */ = {isa = PBXFileReference; lastKnownFileType = folder; name = Skills; path = FileNest/Skills; sourceTree = SOURCE_ROOT; };
		D61B0E3BB30ADB3088A65FD4 /* AppUpdateService.swift */ = {isa = PBXFileReference; lastKnownFileType = sourcecode.swift; path = AppUpdateService.swift; sourceTree = "<group>"; };
		D9625AF00E9C156137E913EF /* EmbeddingProviders.swift */ = {isa = PBXFileReference; lastKnownFileType = sourcecode.swift; path = EmbeddingProviders.swift; sourceTree = "<group>"; };
		DDE601367998B1A01F5BBC35 /* DoclingServiceManager.swift */ = {isa = PBXFileReference; lastKnownFileType = sourcecode.swift; path = DoclingServiceManager.swift; sourceTree = "<group>"; };
		E09CE0144C5B7E32314B3D42 /* FileNestSkillCLI.swift */ = {isa = PBXFileReference; lastKnownFileType = sourcecode.swift; path = FileNestSkillCLI.swift; sourceTree = "<group>"; };
		E16E128627D1FAF79016D738 /* AccelerateVectorStore.swift */ = {isa = PBXFileReference; lastKnownFileType = sourcecode.swift; path = AccelerateVectorStore.swift; sourceTree = "<group>"; };
		E57416F52D94B04975991E7D /* DocumentTreeNavigatorTests.swift */ = {isa = PBXFileReference; lastKnownFileType = sourcecode.swift; path = DocumentTreeNavigatorTests.swift; sourceTree = "<group>"; };
		E5C17548A0C41EE3AB803FFF /* RuleClassifierTests.swift */ = {isa = PBXFileReference; lastKnownFileType = sourcecode.swift; path = RuleClassifierTests.swift; sourceTree = "<group>"; };
		EA07B612FB1FA81F62BFFE4E /* SQLiteVec */ = {isa = PBXFileReference; lastKnownFileType = folder; name = SQLiteVec; path = Vendor/SQLiteVec; sourceTree = SOURCE_ROOT; };
		EA951D7F40D7C1191BC6D808 /* OCRProviders.swift */ = {isa = PBXFileReference; lastKnownFileType = sourcecode.swift; path = OCRProviders.swift; sourceTree = "<group>"; };
		EB409BFD16A49BF17B904414 /* FileWatcherService.swift */ = {isa = PBXFileReference; lastKnownFileType = sourcecode.swift; path = FileWatcherService.swift; sourceTree = "<group>"; };
		EBA0D11578F2C0E4F0C6BF42 /* ArchiveTestSupport.swift */ = {isa = PBXFileReference; lastKnownFileType = sourcecode.swift; path = ArchiveTestSupport.swift; sourceTree = "<group>"; };
		EF170772F5419E6FA6D2AC01 /* RulesView.swift */ = {isa = PBXFileReference; lastKnownFileType = sourcecode.swift; path = RulesView.swift; sourceTree = "<group>"; };
		F358502FCADBC66CD3727C7F /* FileContentHasher.swift */ = {isa = PBXFileReference; lastKnownFileType = sourcecode.swift; path = FileContentHasher.swift; sourceTree = "<group>"; };
		F38171219B7AC3A1FF963A0C /* RerankerServiceManager.swift */ = {isa = PBXFileReference; lastKnownFileType = sourcecode.swift; path = RerankerServiceManager.swift; sourceTree = "<group>"; };
		F8A570EDA948B6E37046E18A /* FileEligibilityPolicy.swift */ = {isa = PBXFileReference; lastKnownFileType = sourcecode.swift; path = FileEligibilityPolicy.swift; sourceTree = "<group>"; };
		F98BCDF2352B228C459EB5C5 /* DoclingDocumentProcessor.swift */ = {isa = PBXFileReference; lastKnownFileType = sourcecode.swift; path = DoclingDocumentProcessor.swift; sourceTree = "<group>"; };
		FB4342A416E7A8C573C6C0C9 /* DoclingDocumentProcessorTests.swift */ = {isa = PBXFileReference; lastKnownFileType = sourcecode.swift; path = DoclingDocumentProcessorTests.swift; sourceTree = "<group>"; };
		FCCBB34AC000D34E5C16AE58 /* zh-Hans */ = {isa = PBXFileReference; lastKnownFileType = text.plist.strings; name = "zh-Hans"; path = "zh-Hans.lproj/Localizable.strings"; sourceTree = "<group>"; };
		FEF4267D593581CD58AA17C5 /* ProviderTests.swift */ = {isa = PBXFileReference; lastKnownFileType = sourcecode.swift; path = ProviderTests.swift; sourceTree = "<group>"; };
/* End PBXFileReference section */

/* Begin PBXFrameworksBuildPhase section */
		1E9F9FEE0D1DD77CF42E8179 /* Frameworks */ = {
			isa = PBXFrameworksBuildPhase;
			buildActionMask = 2147483647;
			files = (
				7F8D94874A5A9B67A476E32E /* GRDB in Frameworks */,
				4B461762DB0DC67A53CA2EB9 /* ZIPFoundation in Frameworks */,
			);
			runOnlyForDeploymentPostprocessing = 0;
		};
		73AB67FCD8FE7B43F257E73F /* Frameworks */ = {
			isa = PBXFrameworksBuildPhase;
			buildActionMask = 2147483647;
			files = (
				9BE37ACCBD9A4B542903877A /* GRDB in Frameworks */,
				535C4C61FC49458FFCCC940F /* SQLiteVec in Frameworks */,
				4A49D4D410474E7E805A58DB /* ZIPFoundation in Frameworks */,
				CC4DD1E96E5ECD3F3C849804 /* Sparkle in Frameworks */,
				E07FB88678266C2BF1E9F723 /* MarkdownUI in Frameworks */,
			);
			runOnlyForDeploymentPostprocessing = 0;
		};
/* End PBXFrameworksBuildPhase section */

/* Begin PBXGroup section */
		14224229F96E4AFE5574295D /* Services */ = {
			isa = PBXGroup;
			children = (
				44714A8C4D511725EE1E8524 /* AgentSkillService.swift */,
				8433DC917419F63B9601AB90 /* AIRuleGenerator.swift */,
				9021C96F7CACC531E1190D9D /* AppLogService.swift */,
				D61B0E3BB30ADB3088A65FD4 /* AppUpdateService.swift */,
				812F58B8B1E370C9E41AC685 /* ChatContextManager.swift */,
				8BC13866E4DE2369E11F04E4 /* ChatService.swift */,
				DDE601367998B1A01F5BBC35 /* DoclingServiceManager.swift */,
				5D5696358B1F92AD48267E65 /* DocumentTreeNavigator.swift */,
				07E06AC16C853536E311BA34 /* DownloadCoordinator.swift */,
				6593BF0E6103F8909253FADE /* FileStabilityTracker.swift */,
				C9A8EA592BDC9D941191D08E /* FileSubfolderClassifier.swift */,
				76AB49499CF6F2DE1415434C /* FileSummaryService.swift */,
				EB409BFD16A49BF17B904414 /* FileWatcherService.swift */,
				84B15BFCEE47362DDAFEBC65 /* GlobalHotKeyService.swift */,
				5DE24403AF530F82278B6BC3 /* IndexerService.swift */,
				6AD85EC7E3721FE271E568E7 /* LaunchAtLoginService.swift */,
				9C4AE7D85E21287AE2C5B421 /* OllamaServiceManager.swift */,
				801C8A874B9FDB8E9CC41188 /* OMPAgentHostService.swift */,
				32F78A71B3DCB8483A341C7A /* OrganizerService.swift */,
				915DFBAB0D88A18EF3A6A6DC /* PromptCatalog.swift */,
				88E04005FF9FE0F7CC30C37C /* RAGLearningService.swift */,
				F38171219B7AC3A1FF963A0C /* RerankerServiceManager.swift */,
				123027FD36720A5F37B945F5 /* SkillToolRuntime.swift */,
			);
			path = Services;
			sourceTree = "<group>";
		};
		22C72375874DCB249F353819 /* FileNestCLI */ = {
			isa = PBXGroup;
			children = (
				E09CE0144C5B7E32314B3D42 /* FileNestSkillCLI.swift */,
			);
			path = FileNestCLI;
			sourceTree = "<group>";
		};
		2A208D02E61A1878075701F4 /* App */ = {
			isa = PBXGroup;
			children = (
				07F627F75F60ECBD269437A6 /* AppSettings.swift */,
				7970E57A08715FE45E17523A /* AppState.swift */,
				0A8A793C6CFB7D4E6B507F3E /* FileNestApp.swift */,
				7E84E840DA8AA00450F44C2B /* FileNestInstallation.swift */,
			);
			path = App;
			sourceTree = "<group>";
		};
		2B0DCE95AC1A34D0F1D9105D /* FileNest */ = {
			isa = PBXGroup;
			children = (
				54BC25167D88C35FBCFDB01F /* Assets.xcassets */,
				98B9D2C4BC0A1E54992416E3 /* Localizable.strings */,
				D604009DE4571B5F83AB5B40 /* Skills */,
				B2B33C29C3DEACBDD9BBBD2D /* AgentEngine */,
				2A208D02E61A1878075701F4 /* App */,
				7B220AD0BDAE87C7EC93A1DA /* Domain */,
				BFB4B507C25D067653048F2E /* Extraction */,
				A0FA03EAAB2C33D45DE0140F /* Providers */,
				14224229F96E4AFE5574295D /* Services */,
				6F8CE58147ADD1B12070A88B /* Storage */,
				76EC404A8B94A922F800CE4B /* UI */,
			);
			path = FileNest;
			sourceTree = "<group>";
		};
		6F8CE58147ADD1B12070A88B /* Storage */ = {
			isa = PBXGroup;
			children = (
				E16E128627D1FAF79016D738 /* AccelerateVectorStore.swift */,
				8649BE2799C7BB363E75B4E0 /* SQLiteStore.swift */,
			);
			path = Storage;
			sourceTree = "<group>";
		};
		76EC404A8B94A922F800CE4B /* UI */ = {
			isa = PBXGroup;
			children = (
				27303B439066A29084763669 /* ChatView.swift */,
				502A8F6440EE3876771CAB8C /* DesignSystem.swift */,
				297D19E22AC1C76B71C6AF9A /* FilePreviewView.swift */,
				0B1E54077AA4314A64BF946B /* LibraryView.swift */,
				3ED860C7A38EA05934B40D2C /* MainView.swift */,
				6649AC190414A7EAA31FD24E /* MenuBarView.swift */,
				223BD5AC49BC6D8392DC2FD5 /* OnboardingView.swift */,
				217ED1BD609FC8CA031940F2 /* QuickSearchPanel.swift */,
				BC9488E7EC05DA35DA043E28 /* RAGFeedbackView.swift */,
				9CA5D1539B5BF0191A893469 /* ReindexActivityView.swift */,
				EF170772F5419E6FA6D2AC01 /* RulesView.swift */,
				92AB18FB7207E6AAFB5AC33F /* SettingsView.swift */,
				4BD24682372EBBAB7E8E0E48 /* StatisticsView.swift */,
			);
			path = UI;
			sourceTree = "<group>";
		};
		7B220AD0BDAE87C7EC93A1DA /* Domain */ = {
			isa = PBXGroup;
			children = (
				F8A570EDA948B6E37046E18A /* FileEligibilityPolicy.swift */,
				41ABE72DDFB85190D0B6DDD6 /* Models.swift */,
				C1AF71E1C61D599A9EC1771B /* OrganizationPolicy.swift */,
				6B384135AFF13CA8C8B35647 /* Protocols.swift */,
			);
			path = Domain;
			sourceTree = "<group>";
		};
		9088C8222F159BDBDD2C48E1 = {
			isa = PBXGroup;
			children = (
				2B0DCE95AC1A34D0F1D9105D /* FileNest */,
				22C72375874DCB249F353819 /* FileNestCLI */,
				F9FCEDC352F8D9EA27C63558 /* FileNestTests */,
				B2447AC9B58D197901880AB6 /* Packages */,
				C675E3B7C4DF0C8964C28CD9 /* Products */,
			);
			sourceTree = "<group>";
		};
		A0FA03EAAB2C33D45DE0140F /* Providers */ = {
			isa = PBXGroup;
			children = (
				D9625AF00E9C156137E913EF /* EmbeddingProviders.swift */,
				1E2841AC565E2C180CE122C2 /* LLMProviders.swift */,
				EA951D7F40D7C1191BC6D808 /* OCRProviders.swift */,
			);
			path = Providers;
			sourceTree = "<group>";
		};
		B2447AC9B58D197901880AB6 /* Packages */ = {
			isa = PBXGroup;
			children = (
				EA07B612FB1FA81F62BFFE4E /* SQLiteVec */,
			);
			name = Packages;
			sourceTree = "<group>";
		};
		B2B33C29C3DEACBDD9BBBD2D /* AgentEngine */ = {
			isa = PBXGroup;
			children = (
				0C7738D2E69B65DE34BC2499 /* AgentAttachedDocument.swift */,
				765FEF497A1A51108ACDA8D2 /* AgentEngine.swift */,
				6E74FD4FC2107956360A0805 /* AgentHarness.swift */,
				1B4D321398D7E10555802D9F /* AgentHostTool.swift */,
				C0B30D6A72424A56D4FA3E8D /* AgentJSONValue.swift */,
				6FD4BD19F2914F2D7ABC9E25 /* FileNestAgentToolGateway.swift */,
				390B0AAEA832924435AB959E /* OMPAgentEngine.swift */,
				283AF8939640B8244A83D4D7 /* OMPRPCConnection.swift */,
				9DCF2FDCCA40D765A06DBB66 /* OMPRPCFrameDecoder.swift */,
			);
			path = AgentEngine;
			sourceTree = "<group>";
		};
		BFB4B507C25D067653048F2E /* Extraction */ = {
			isa = PBXGroup;
			children = (
				B290655B42F0B0722076C1D9 /* ContentExtractor.swift */,
				F98BCDF2352B228C459EB5C5 /* DoclingDocumentProcessor.swift */,
				F358502FCADBC66CD3727C7F /* FileContentHasher.swift */,
				83A36E51998EEBF3C18DBB26 /* LocalArchiveDocumentExtractor.swift */,
				B0074C4678D01C5C464228C9 /* OCRDocumentProcessor.swift */,
			);
			path = Extraction;
			sourceTree = "<group>";
		};
		C675E3B7C4DF0C8964C28CD9 /* Products */ = {
			isa = PBXGroup;
			children = (
				9E792A846DAEB2DEAC97A618 /* FileNest.app */,
				BD8EABE9FA5CB20261C9D250 /* FileNestSkillCLI */,
				581C46E087A7CE99D4ED2B6F /* FileNestTests.xctest */,
			);
			name = Products;
			sourceTree = "<group>";
		};
		F9FCEDC352F8D9EA27C63558 /* FileNestTests */ = {
			isa = PBXGroup;
			children = (
				ACF82143A6594FB0098BAD8A /* AccelerateVectorStoreTests.swift */,
				8997DB797A95DC5C96C93BFF /* AgentEngineTests.swift */,
				A13F6E3E583635E529EED4C4 /* AgentSkillServiceTests.swift */,
				35C6B51B5FD06A5250D1301C /* AIRuleGeneratorTests.swift */,
				52AED83B94BFD772F7ED7A1E /* AppLogServiceTests.swift */,
				1DDEE9EB899F17FB57569A2A /* AppSettingsTests.swift */,
				3F5C65ABB5663DA46CEF9876 /* AppStateTests.swift */,
				EBA0D11578F2C0E4F0C6BF42 /* ArchiveTestSupport.swift */,
				C7F32D12E48807558F2E0953 /* ChatServiceTests.swift */,
				D4BDDE8F83AD233317468507 /* ContentExtractorTests.swift */,
				FB4342A416E7A8C573C6C0C9 /* DoclingDocumentProcessorTests.swift */,
				E57416F52D94B04975991E7D /* DocumentTreeNavigatorTests.swift */,
				93AF189A6E886107AA525ED4 /* FileContentHasherTests.swift */,
				7C1B8C692F4C1A7136F74DFF /* FileStabilityTrackerTests.swift */,
				36CF2D61C9C4F8518467BDBB /* FileSummaryServiceTests.swift */,
				BA0E2E173EE92362C7254410 /* FileWatcherServiceTests.swift */,
				D279A11830E6026464167E5D /* IndexerServiceTests.swift */,
				2786CDACA256972DC2ECF363 /* LocalizationCoverageTests.swift */,
				3852187AB6DFCAF137FE021B /* OrganizerServiceTests.swift */,
				FEF4267D593581CD58AA17C5 /* ProviderTests.swift */,
				E5C17548A0C41EE3AB803FFF /* RuleClassifierTests.swift */,
				2234876AD78FBE93C8037ED4 /* SkillToolRuntimeTests.swift */,
				05F3FDF12A0309FE2F98566C /* SQLiteStoreTests.swift */,
			);
			path = FileNestTests;
			sourceTree = "<group>";
		};
/* End PBXGroup section */

/* Begin PBXNativeTarget section */
		5F08F20CC02E8F582FF7D550 /* FileNest */ = {
			isa = PBXNativeTarget;
			buildConfigurationList = 712E2972C70649E310E24CC1 /* Build configuration list for PBXNativeTarget "FileNest" */;
			buildPhases = (
				193A0B6EF164549FE1266FDB /* Sources */,
				69EBCDB125332E3EC4D5001C /* Resources */,
				73AB67FCD8FE7B43F257E73F /* Frameworks */,
				B142DE32E4E5C07E36889D2B /* Bundle FileNest OMP Adapter */,
				01CEA26FE17E11695C5815E4 /* Generate Build Information */,
			);
			buildRules = (
			);
			dependencies = (
			);
			name = FileNest;
			packageProductDependencies = (
				64E59484A5961578C5B1A8A2 /* GRDB */,
				8816A508D9E30086057930AC /* SQLiteVec */,
				101F44DB3C904905BA9E50BB /* ZIPFoundation */,
				C1BDC54AEBEC9EC9960E5C72 /* Sparkle */,
				B133311215B159A189D09E54 /* MarkdownUI */,
			);
			productName = FileNest;
			productReference = 9E792A846DAEB2DEAC97A618 /* FileNest.app */;
			productType = "com.apple.product-type.application";
		};
		6F3ACE7AEC92DE8FA65087B9 /* FileNestSkillCLI */ = {
			isa = PBXNativeTarget;
			buildConfigurationList = B1D364D1E99198B50AB9522B /* Build configuration list for PBXNativeTarget "FileNestSkillCLI" */;
			buildPhases = (
				39B3B7DBD2FACDE71D79307E /* Sources */,
			);
			buildRules = (
			);
			dependencies = (
			);
			name = FileNestSkillCLI;
			packageProductDependencies = (
			);
			productName = FileNestSkillCLI;
			productReference = BD8EABE9FA5CB20261C9D250 /* FileNestSkillCLI */;
			productType = "com.apple.product-type.tool";
		};
		AA062CC69ED4C98AA49CF8E8 /* FileNestTests */ = {
			isa = PBXNativeTarget;
			buildConfigurationList = CFF4DAF643A79FD34C34D454 /* Build configuration list for PBXNativeTarget "FileNestTests" */;
			buildPhases = (
				68223FF761DF86D088B608F0 /* Sources */,
				1E9F9FEE0D1DD77CF42E8179 /* Frameworks */,
			);
			buildRules = (
			);
			dependencies = (
				68AEF54AB8ACD71856188105 /* PBXTargetDependency */,
			);
			name = FileNestTests;
			packageProductDependencies = (
				A5DA86309B1EC6717579503C /* GRDB */,
				190F7700405997953654E162 /* ZIPFoundation */,
			);
			productName = FileNestTests;
			productReference = 581C46E087A7CE99D4ED2B6F /* FileNestTests.xctest */;
			productType = "com.apple.product-type.bundle.unit-test";
		};
/* End PBXNativeTarget section */

/* Begin PBXProject section */
		ACE28B5881AECD5B8031A374 /* Project object */ = {
			isa = PBXProject;
			attributes = {
				BuildIndependentTargetsInParallel = YES;
				LastUpgradeCheck = 1430;
				TargetAttributes = {
					5F08F20CC02E8F582FF7D550 = {
						DevelopmentTeam = U433596CL8;
						ProvisioningStyle = Manual;
					};
					6F3ACE7AEC92DE8FA65087B9 = {
						DevelopmentTeam = U433596CL8;
						ProvisioningStyle = Manual;
					};
					AA062CC69ED4C98AA49CF8E8 = {
						DevelopmentTeam = U433596CL8;
						ProvisioningStyle = Manual;
					};
				};
			};
			buildConfigurationList = E15352FB519BE66FE70DCAC8 /* Build configuration list for PBXProject "FileNest" */;
			compatibilityVersion = "Xcode 14.0";
			developmentRegion = en;
			hasScannedForEncodings = 0;
			knownRegions = (
				Base,
				en,
				"zh-Hans",
			);
			mainGroup = 9088C8222F159BDBDD2C48E1;
			minimizedProjectReferenceProxies = 1;
			packageReferences = (
				2C62EC91FBB26C3FE5D739BD /* XCRemoteSwiftPackageReference "GRDB.swift" */,
				AC8C82323C3270EA3FAC4E81 /* XCRemoteSwiftPackageReference "swift-markdown-ui" */,
				85EF8E93DC16AE8D5C6B4E2A /* XCRemoteSwiftPackageReference "Sparkle" */,
				DCD68FCB5BF229B46802D54D /* XCRemoteSwiftPackageReference "ZIPFoundation" */,
				75DE0F358CD8E455AFAF0AA2 /* XCLocalSwiftPackageReference "Vendor/SQLiteVec" */,
			);
			preferredProjectObjectVersion = 77;
			projectDirPath = "";
			projectRoot = "";
			targets = (
				5F08F20CC02E8F582FF7D550 /* FileNest */,
				6F3ACE7AEC92DE8FA65087B9 /* FileNestSkillCLI */,
				AA062CC69ED4C98AA49CF8E8 /* FileNestTests */,
			);
		};
/* End PBXProject section */

/* Begin PBXResourcesBuildPhase section */
		69EBCDB125332E3EC4D5001C /* Resources */ = {
			isa = PBXResourcesBuildPhase;
			buildActionMask = 2147483647;
			files = (
				774627DC21958FDE2E99C087 /* Assets.xcassets in Resources */,
				E918FD0C40F7044E55A45FBB /* Localizable.strings in Resources */,
				85CDF972A6583F2C78AACFBB /* Skills in Resources */,
			);
			runOnlyForDeploymentPostprocessing = 0;
		};
/* End PBXResourcesBuildPhase section */

/* Begin PBXShellScriptBuildPhase section */
		01CEA26FE17E11695C5815E4 /* Generate Build Information */ = {
			isa = PBXShellScriptBuildPhase;
			alwaysOutOfDate = 1;
			buildActionMask = 2147483647;
			files = (
			);
			inputFileListPaths = (
			);
			inputPaths = (
			);
			name = "Generate Build Information";
			outputFileListPaths = (
			);
			outputPaths = (
			);
			runOnlyForDeploymentPostprocessing = 0;
			shellPath = /bin/sh;
			shellScript = "set -euo pipefail\nINFO_DIR=\"${TARGET_BUILD_DIR}/${UNLOCALIZED_RESOURCES_FOLDER_PATH}\"\nINFO_FILE=\"${INFO_DIR}/FileNestBuildInfo.plist\"\nmkdir -p \"${INFO_DIR}\"\nrm -f \"${INFO_FILE}\"\n/usr/bin/plutil -create xml1 \"${INFO_FILE}\"\n/usr/bin/plutil -replace BuildDate -string \"$(date -u +%Y-%m-%dT%H:%M:%SZ)\" \"${INFO_FILE}\"\n/usr/bin/plutil -replace MarketingVersion -string \"${MARKETING_VERSION}\" \"${INFO_FILE}\"\n/usr/bin/plutil -replace BuildNumber -string \"${CURRENT_PROJECT_VERSION}\" \"${INFO_FILE}\"\n\nAPP_INFO_PLIST=\"${TARGET_BUILD_DIR}/${WRAPPER_NAME}/Contents/Info.plist\"\nif [[ ! -f \"${APP_INFO_PLIST}\" && -f \"${TARGET_BUILD_DIR}/${INFOPLIST_PATH}\" ]]; then\n  APP_INFO_PLIST=\"${TARGET_BUILD_DIR}/${INFOPLIST_PATH}\"\nfi\nif [[ ! -f \"${APP_INFO_PLIST}\" ]]; then\n  exit 0\nfi\n/usr/bin/plutil -replace SUEnableAutomaticChecks -bool YES \"${APP_INFO_PLIST}\" 2>/dev/null \\\n  || /usr/bin/plutil -insert SUEnableAutomaticChecks -bool YES \"${APP_INFO_PLIST}\"\n/usr/bin/plutil -replace SUAllowsAutomaticUpdates -bool YES \"${APP_INFO_PLIST}\" 2>/dev/null \\\n  || /usr/bin/plutil -insert SUAllowsAutomaticUpdates -bool YES \"${APP_INFO_PLIST}\"\n/usr/bin/plutil -replace SUAutomaticallyUpdate -bool YES \"${APP_INFO_PLIST}\" 2>/dev/null \\\n  || /usr/bin/plutil -insert SUAutomaticallyUpdate -bool YES \"${APP_INFO_PLIST}\"\n\nif [[ -n \"${FILENEST_UPDATE_FEED_URL:-}\" ]]; then\n  /usr/bin/plutil -replace SUFeedURL -string \"${FILENEST_UPDATE_FEED_URL}\" \"${APP_INFO_PLIST}\" 2>/dev/null \\\n    || /usr/bin/plutil -insert SUFeedURL -string \"${FILENEST_UPDATE_FEED_URL}\" \"${APP_INFO_PLIST}\"\nelse\n  /usr/bin/plutil -remove SUFeedURL \"${APP_INFO_PLIST}\" 2>/dev/null || true\nfi\n\nif [[ -n \"${FILENEST_SPARKLE_PUBLIC_KEY:-}\" ]]; then\n  /usr/bin/plutil -replace SUPublicEDKey -string \"${FILENEST_SPARKLE_PUBLIC_KEY}\" \"${APP_INFO_PLIST}\" 2>/dev/null \\\n    || /usr/bin/plutil -insert SUPublicEDKey -string \"${FILENEST_SPARKLE_PUBLIC_KEY}\" \"${APP_INFO_PLIST}\"\nelse\n  /usr/bin/plutil -remove SUPublicEDKey \"${APP_INFO_PLIST}\" 2>/dev/null || true\nfi\n";
		};
		B142DE32E4E5C07E36889D2B /* Bundle FileNest OMP Adapter */ = {
			isa = PBXShellScriptBuildPhase;
			alwaysOutOfDate = 1;
			buildActionMask = 2147483647;
			files = (
			);
			inputFileListPaths = (
			);
			inputPaths = (
			);
			name = "Bundle FileNest OMP Adapter";
			outputFileListPaths = (
			);
			outputPaths = (
			);
			runOnlyForDeploymentPostprocessing = 0;
			shellPath = /bin/sh;
			shellScript = "set -euo pipefail\nHOST_SOURCE=\"${SRCROOT}/AgentHost/dist/filenest-agent-host\"\nVERSION_SOURCE=\"${SRCROOT}/AgentHost/dist/version.txt\"\nBUILD_INPUTS=(\n  \"${SRCROOT}/AgentHost/src/main.ts\"\n  \"${SRCROOT}/AgentHost/package.json\"\n  \"${SRCROOT}/AgentHost/bun.lock\"\n)\nNEEDS_BUILD=0\nif [[ ! -x \"${HOST_SOURCE}\" || ! -s \"${VERSION_SOURCE}\" ]]; then\n  NEEDS_BUILD=1\nelse\n  for INPUT in \"${BUILD_INPUTS[@]}\"; do\n    if [[ ! -f \"${INPUT}\" || \"${INPUT}\" -nt \"${HOST_SOURCE}\" ]]; then\n      NEEDS_BUILD=1\n      break\n    fi\n  done\nfi\nif [[ \"${NEEDS_BUILD}\" == \"1\" ]]; then\n  PATH=\"/opt/homebrew/bin:/usr/local/bin:$PATH\" \"${SRCROOT}/script/build_agent_host.sh\"\nfi\n\nHOST_DESTINATION=\"${TARGET_BUILD_DIR}/${UNLOCALIZED_RESOURCES_FOLDER_PATH}/AgentHost\"\n/usr/bin/install -d -m 0755 \"${HOST_DESTINATION}\"\n/usr/bin/install -m 0755 \"${HOST_SOURCE}\" \"${HOST_DESTINATION}/filenest-agent-host\"\n/usr/bin/install -m 0644 \"${VERSION_SOURCE}\" \"${HOST_DESTINATION}/version.txt\"\n";
		};
/* End PBXShellScriptBuildPhase section */

/* Begin PBXSourcesBuildPhase section */
		193A0B6EF164549FE1266FDB /* Sources */ = {
			isa = PBXSourcesBuildPhase;
			buildActionMask = 2147483647;
			files = (
				6518E053A5334B11CC5FECC1 /* AIRuleGenerator.swift in Sources */,
				25F4F037026B133DF6FBBD81 /* AccelerateVectorStore.swift in Sources */,
				54889080C83515EAB09F8ADA /* AgentAttachedDocument.swift in Sources */,
				AAF2A0951D5B8706E5654B4C /* AgentEngine.swift in Sources */,
				F61EB8A961C03CC936046BB2 /* AgentHarness.swift in Sources */,
				0064D6CCA07C17B351E704FE /* AgentHostTool.swift in Sources */,
				CD4F99C6664645D3ED3A68BE /* AgentJSONValue.swift in Sources */,
				45DCE8AE103F5301D86ABD45 /* AgentSkillService.swift in Sources */,
				17DDB1D0BC7305DC6A33BF54 /* AppLogService.swift in Sources */,
				5F68F392524A348200FDA99D /* AppSettings.swift in Sources */,
				BEBC03D76FF2213EB6A80707 /* AppState.swift in Sources */,
				5C6D3C7EED81A638A3B6FE8B /* AppUpdateService.swift in Sources */,
				6BB3287893C5D806DABEDD22 /* ChatContextManager.swift in Sources */,
				3F2AEC1B7DB37C42CE6653DE /* ChatService.swift in Sources */,
				CFEF238FB153D24FC6A03282 /* ChatView.swift in Sources */,
				D468979A8C879103497D34A7 /* ContentExtractor.swift in Sources */,
				5C692283F5741559C274CE53 /* DesignSystem.swift in Sources */,
				CC2060844D8D45F17E6EE1D6 /* DoclingDocumentProcessor.swift in Sources */,
				9F2DDEB6C49B15E6EAD2FFC9 /* DoclingServiceManager.swift in Sources */,
				3A4FA057F752A7DA6ED038B9 /* DocumentTreeNavigator.swift in Sources */,
				17571DB3AF98F84B9ACCEFAC /* DownloadCoordinator.swift in Sources */,
				2EAD682AF620F5C5BBBB3DAD /* EmbeddingProviders.swift in Sources */,
				5E523175D5F8F4F0428ACAB2 /* FileContentHasher.swift in Sources */,
				B2CC94B45128414A2C0C6330 /* FileEligibilityPolicy.swift in Sources */,
				8533F041034D5B97AB5AE206 /* FileNestAgentToolGateway.swift in Sources */,
				A02F1E1580AA1F36CA2E8255 /* FileNestApp.swift in Sources */,
				CC538C9F464BEBCC83615E3C /* FileNestInstallation.swift in Sources */,
				CE9AF85986CD8EDCFBCA0A32 /* FilePreviewView.swift in Sources */,
				F483106C890A5D06AC88546F /* FileStabilityTracker.swift in Sources */,
				552EE7BDC7AB9F178BDB65A6 /* FileSubfolderClassifier.swift in Sources */,
				9F838A2B83F874CAF4A49530 /* FileSummaryService.swift in Sources */,
				47F2BC7EB6E2CD2AEF302180 /* FileWatcherService.swift in Sources */,
				4E24DDB45B41D46F0FD06CF2 /* GlobalHotKeyService.swift in Sources */,
				857B9C95B04104247BE51E01 /* IndexerService.swift in Sources */,
				19310935F0A7DA7AE25AB8B6 /* LLMProviders.swift in Sources */,
				39C231D2FB950680F4A1510F /* LaunchAtLoginService.swift in Sources */,
				973F86E6A2DFBFF214A72876 /* LibraryView.swift in Sources */,
				39C69B9FFD1FC6A97D3F5A7A /* LocalArchiveDocumentExtractor.swift in Sources */,
				619BA81D48D5114F7D7146D1 /* MainView.swift in Sources */,
				91E4FCD02C332A942183BCE0 /* MenuBarView.swift in Sources */,
				7C01A5CE17EBDFB072B323D9 /* Models.swift in Sources */,
				5FA431EEF8353C868350B8FF /* OCRDocumentProcessor.swift in Sources */,
				938F9B4ED20BCE5F9164179E /* OCRProviders.swift in Sources */,
				7495B95738F822F9BA5DC7DE /* OMPAgentEngine.swift in Sources */,
				50AE38AEDA9ADC2CA48D5AC5 /* OMPAgentHostService.swift in Sources */,
				AE46E79C9E6F06B3F8E442FE /* OMPRPCConnection.swift in Sources */,
				97977FA5FE426117B276E7F8 /* OMPRPCFrameDecoder.swift in Sources */,
				BB2DF823113251DFB6CE4257 /* OllamaServiceManager.swift in Sources */,
				109C885C8C54D0CDB864F9A5 /* OnboardingView.swift in Sources */,
				D9D9DE504E105FFD9A319390 /* OrganizationPolicy.swift in Sources */,
				6FA1EF6DEB91E79B62A8D9D8 /* OrganizerService.swift in Sources */,
				C61DEFAB9C27FF2224BE00C8 /* PromptCatalog.swift in Sources */,
				F3756EEC872DD311665B8684 /* Protocols.swift in Sources */,
				689C6F246D1DADC552E07313 /* QuickSearchPanel.swift in Sources */,
				4424DA9C44EBB0F82DE34FC4 /* RAGFeedbackView.swift in Sources */,
				65CA327327B73F31240440FC /* RAGLearningService.swift in Sources */,
				E3D3EF6FD2FFE5F40CEC6EE0 /* ReindexActivityView.swift in Sources */,
				79ABCA0FFC6D322EA4448A74 /* RerankerServiceManager.swift in Sources */,
				3C2FA6B98BE8E51541AFE2D5 /* RulesView.swift in Sources */,
				B49D9D7EA98C6F84980EA311 /* SQLiteStore.swift in Sources */,
				738623A6F243BE6B0326C280 /* SettingsView.swift in Sources */,
				062CDF46DE094E7FAA57B505 /* SkillToolRuntime.swift in Sources */,
				87265031BCF5DF5E784BDF58 /* StatisticsView.swift in Sources */,
			);
			runOnlyForDeploymentPostprocessing = 0;
		};
		39B3B7DBD2FACDE71D79307E /* Sources */ = {
			isa = PBXSourcesBuildPhase;
			buildActionMask = 2147483647;
			files = (
				EA227DFDCB4F6967F9C3B8A6 /* FileNestSkillCLI.swift in Sources */,
				205D68171D54121289A9DF14 /* SkillToolRuntime.swift in Sources */,
			);
			runOnlyForDeploymentPostprocessing = 0;
		};
		68223FF761DF86D088B608F0 /* Sources */ = {
			isa = PBXSourcesBuildPhase;
			buildActionMask = 2147483647;
			files = (
				8BEA04EDE8D4B439EE224D21 /* AIRuleGeneratorTests.swift in Sources */,
				C858C26590E234AE9B3FC73B /* AccelerateVectorStoreTests.swift in Sources */,
				82C16095AFA6D931C7F69448 /* AgentEngineTests.swift in Sources */,
				F4687B636DC276423B58B9EF /* AgentSkillServiceTests.swift in Sources */,
				B3774AF7D6283FD6955A9079 /* AppLogServiceTests.swift in Sources */,
				2C2164A680993E7AFDA06680 /* AppSettingsTests.swift in Sources */,
				CDF716F420D91A55CC38C246 /* AppStateTests.swift in Sources */,
				65BB50C05836AFFBF88DFA9F /* ArchiveTestSupport.swift in Sources */,
				3FD55A45333F5F9E7F7999BB /* ChatServiceTests.swift in Sources */,
				681BA571496E9D40BF36EB9F /* ContentExtractorTests.swift in Sources */,
				7F521007711937B112316C2C /* DoclingDocumentProcessorTests.swift in Sources */,
				DB2B0B62327C6A9AF298B065 /* DocumentTreeNavigatorTests.swift in Sources */,
				25446E8EBCD8DB2D43F36121 /* FileContentHasherTests.swift in Sources */,
				AF858DEA4596E60D4F744EE2 /* FileStabilityTrackerTests.swift in Sources */,
				0BCD6B56BC019566B68191AB /* FileSummaryServiceTests.swift in Sources */,
				D83BB3A381E5D4F71B9493CA /* FileWatcherServiceTests.swift in Sources */,
				750134831B313854FDD639B1 /* IndexerServiceTests.swift in Sources */,
				0D0079FBE59AF415B552211F /* LocalizationCoverageTests.swift in Sources */,
				58C60715E5958EC742B4C465 /* OrganizerServiceTests.swift in Sources */,
				1803A0D5DC3335026AC0E5AE /* ProviderTests.swift in Sources */,
				E89F38010375D2AAFDA93164 /* RuleClassifierTests.swift in Sources */,
				E7FA958F6DBE15D13D2B9355 /* SQLiteStoreTests.swift in Sources */,
				F3168CC6B4DAF4165F79E7FC /* SkillToolRuntimeTests.swift in Sources */,
			);
			runOnlyForDeploymentPostprocessing = 0;
		};
/* End PBXSourcesBuildPhase section */

/* Begin PBXTargetDependency section */
		68AEF54AB8ACD71856188105 /* PBXTargetDependency */ = {
			isa = PBXTargetDependency;
			target = 5F08F20CC02E8F582FF7D550 /* FileNest */;
			targetProxy = 408DF4A9480A5BE857169796 /* PBXContainerItemProxy */;
		};
/* End PBXTargetDependency section */

/* Begin PBXVariantGroup section */
		98B9D2C4BC0A1E54992416E3 /* Localizable.strings */ = {
			isa = PBXVariantGroup;
			children = (
				0EC590A60246A1F41F87AB27 /* en */,
				FCCBB34AC000D34E5C16AE58 /* zh-Hans */,
			);
			name = Localizable.strings;
			sourceTree = "<group>";
		};
/* End PBXVariantGroup section */

/* Begin XCBuildConfiguration section */
		007DC572D8B17503B623E583 /* Release */ = {
			isa = XCBuildConfiguration;
			buildSettings = {
				CODE_SIGNING_ALLOWED = NO;
				COMBINE_HIDPI_IMAGES = YES;
				LD_RUNPATH_SEARCH_PATHS = (
					"$(inherited)",
					"@executable_path/../Frameworks",
				);
				PRODUCT_BUNDLE_IDENTIFIER = com.local.FileNestSkillCLI;
				PRODUCT_NAME = filenest;
				SDKROOT = macosx;
			};
			name = Release;
		};
		34893C623293C7DD4CABA538 /* Debug */ = {
			isa = XCBuildConfiguration;
			buildSettings = {
				CODE_SIGNING_ALLOWED = NO;
				COMBINE_HIDPI_IMAGES = YES;
				LD_RUNPATH_SEARCH_PATHS = (
					"$(inherited)",
					"@executable_path/../Frameworks",
				);
				PRODUCT_BUNDLE_IDENTIFIER = com.local.FileNestSkillCLI;
				PRODUCT_NAME = filenest;
				SDKROOT = macosx;
			};
			name = Debug;
		};
		6B81FD71A509F5D28BF8221B /* Debug */ = {
			isa = XCBuildConfiguration;
			buildSettings = {
				BUNDLE_LOADER = "$(TEST_HOST)";
				COMBINE_HIDPI_IMAGES = YES;
				LD_RUNPATH_SEARCH_PATHS = (
					"$(inherited)",
					"@executable_path/../Frameworks",
					"@loader_path/../Frameworks",
				);
				MACOSX_DEPLOYMENT_TARGET = 14.0;
				PRODUCT_BUNDLE_IDENTIFIER = com.local.FileNestTests;
				SDKROOT = macosx;
				TEST_HOST = "$(BUILT_PRODUCTS_DIR)/FileNest Dev.app/Contents/MacOS/FileNest Dev";
			};
			name = Debug;
		};
		9F83E1F3AA006E79EC9D8592 /* Debug */ = {
			isa = XCBuildConfiguration;
			buildSettings = {
				ALWAYS_SEARCH_USER_PATHS = NO;
				CLANG_ANALYZER_NONNULL = YES;
				CLANG_ANALYZER_NUMBER_OBJECT_CONVERSION = YES_AGGRESSIVE;
				CLANG_CXX_LANGUAGE_STANDARD = "gnu++14";
				CLANG_CXX_LIBRARY = "libc++";
				CLANG_ENABLE_MODULES = YES;
				CLANG_ENABLE_OBJC_ARC = YES;
				CLANG_ENABLE_OBJC_WEAK = YES;
				CLANG_WARN_BLOCK_CAPTURE_AUTORELEASING = YES;
				CLANG_WARN_BOOL_CONVERSION = YES;
				CLANG_WARN_COMMA = YES;
				CLANG_WARN_CONSTANT_CONVERSION = YES;
				CLANG_WARN_DEPRECATED_OBJC_IMPLEMENTATIONS = YES;
				CLANG_WARN_DIRECT_OBJC_ISA_USAGE = YES_ERROR;
				CLANG_WARN_DOCUMENTATION_COMMENTS = YES;
				CLANG_WARN_EMPTY_BODY = YES;
				CLANG_WARN_ENUM_CONVERSION = YES;
				CLANG_WARN_INFINITE_RECURSION = YES;
				CLANG_WARN_INT_CONVERSION = YES;
				CLANG_WARN_NON_LITERAL_NULL_CONVERSION = YES;
				CLANG_WARN_OBJC_IMPLICIT_RETAIN_SELF = YES;
				CLANG_WARN_OBJC_LITERAL_CONVERSION = YES;
				CLANG_WARN_OBJC_ROOT_CLASS = YES_ERROR;
				CLANG_WARN_QUOTED_INCLUDE_IN_FRAMEWORK_HEADER = YES;
				CLANG_WARN_RANGE_LOOP_ANALYSIS = YES;
				CLANG_WARN_STRICT_PROTOTYPES = YES;
				CLANG_WARN_SUSPICIOUS_MOVE = YES;
				CLANG_WARN_UNGUARDED_AVAILABILITY = YES_AGGRESSIVE;
				CLANG_WARN_UNREACHABLE_CODE = YES;
				CLANG_WARN__DUPLICATE_METHOD_MATCH = YES;
				CODE_SIGN_IDENTITY = "Apple Development";
				CODE_SIGN_STYLE = Manual;
				COPY_PHASE_STRIP = NO;
				CURRENT_PROJECT_VERSION = 18;
				DEAD_CODE_STRIPPING = YES;
				DEBUG_INFORMATION_FORMAT = dwarf;
				DEVELOPMENT_TEAM = U433596CL8;
				ENABLE_HARDENED_RUNTIME = YES;
				ENABLE_STRICT_OBJC_MSGSEND = YES;
				ENABLE_TESTABILITY = YES;
				FILENEST_SPARKLE_PUBLIC_KEY = "";
				FILENEST_UPDATE_FEED_URL = "";
				GCC_C_LANGUAGE_STANDARD = gnu11;
				GCC_DYNAMIC_NO_PIC = NO;
				GCC_NO_COMMON_BLOCKS = YES;
				GCC_OPTIMIZATION_LEVEL = 0;
				GCC_PREPROCESSOR_DEFINITIONS = (
					"$(inherited)",
					"DEBUG=1",
				);
				GCC_WARN_64_TO_32_BIT_CONVERSION = YES;
				GCC_WARN_ABOUT_RETURN_TYPE = YES_ERROR;
				GCC_WARN_UNDECLARED_SELECTOR = YES;
				GCC_WARN_UNINITIALIZED_AUTOS = YES_AGGRESSIVE;
				GCC_WARN_UNUSED_FUNCTION = YES;
				GCC_WARN_UNUSED_VARIABLE = YES;
				GENERATE_INFOPLIST_FILE = YES;
				INFOPLIST_KEY_LSApplicationCategoryType = "public.app-category.productivity";
				INFOPLIST_KEY_NSHumanReadableCopyright = "Copyright (c) 2026 FileNest";
				MACOSX_DEPLOYMENT_TARGET = 13.0;
				MARKETING_VERSION = 0.2.13;
				MTL_ENABLE_DEBUG_INFO = INCLUDE_SOURCE;
				MTL_FAST_MATH = YES;
				ONLY_ACTIVE_ARCH = YES;
				PRODUCT_NAME = "$(TARGET_NAME)";
				SDKROOT = macosx;
				SWIFT_ACTIVE_COMPILATION_CONDITIONS = DEBUG;
				SWIFT_OPTIMIZATION_LEVEL = "-Onone";
				SWIFT_STRICT_CONCURRENCY = minimal;
				SWIFT_VERSION = 5.9;
			};
			name = Debug;
		};
		C20393FF8B9D971249BD8EA8 /* Release */ = {
			isa = XCBuildConfiguration;
			buildSettings = {
				ASSETCATALOG_COMPILER_APPICON_NAME = AppIcon;
				COMBINE_HIDPI_IMAGES = YES;
				ENABLE_PREVIEWS = YES;
				INFOPLIST_KEY_CFBundleDisplayName = FileNest;
				INFOPLIST_KEY_LSUIElement = NO;
				LD_RUNPATH_SEARCH_PATHS = (
					"$(inherited)",
					"@executable_path/../Frameworks",
				);
				PRODUCT_BUNDLE_IDENTIFIER = com.local.filenest;
				PRODUCT_MODULE_NAME = FileNest;
				PRODUCT_NAME = FileNest;
				SDKROOT = macosx;
			};
			name = Release;
		};
		C9BC74978B9423D5EA128519 /* Release */ = {
			isa = XCBuildConfiguration;
			buildSettings = {
				ALWAYS_SEARCH_USER_PATHS = NO;
				CLANG_ANALYZER_NONNULL = YES;
				CLANG_ANALYZER_NUMBER_OBJECT_CONVERSION = YES_AGGRESSIVE;
				CLANG_CXX_LANGUAGE_STANDARD = "gnu++14";
				CLANG_CXX_LIBRARY = "libc++";
				CLANG_ENABLE_MODULES = YES;
				CLANG_ENABLE_OBJC_ARC = YES;
				CLANG_ENABLE_OBJC_WEAK = YES;
				CLANG_WARN_BLOCK_CAPTURE_AUTORELEASING = YES;
				CLANG_WARN_BOOL_CONVERSION = YES;
				CLANG_WARN_COMMA = YES;
				CLANG_WARN_CONSTANT_CONVERSION = YES;
				CLANG_WARN_DEPRECATED_OBJC_IMPLEMENTATIONS = YES;
				CLANG_WARN_DIRECT_OBJC_ISA_USAGE = YES_ERROR;
				CLANG_WARN_DOCUMENTATION_COMMENTS = YES;
				CLANG_WARN_EMPTY_BODY = YES;
				CLANG_WARN_ENUM_CONVERSION = YES;
				CLANG_WARN_INFINITE_RECURSION = YES;
				CLANG_WARN_INT_CONVERSION = YES;
				CLANG_WARN_NON_LITERAL_NULL_CONVERSION = YES;
				CLANG_WARN_OBJC_IMPLICIT_RETAIN_SELF = YES;
				CLANG_WARN_OBJC_LITERAL_CONVERSION = YES;
				CLANG_WARN_OBJC_ROOT_CLASS = YES_ERROR;
				CLANG_WARN_QUOTED_INCLUDE_IN_FRAMEWORK_HEADER = YES;
				CLANG_WARN_RANGE_LOOP_ANALYSIS = YES;
				CLANG_WARN_STRICT_PROTOTYPES = YES;
				CLANG_WARN_SUSPICIOUS_MOVE = YES;
				CLANG_WARN_UNGUARDED_AVAILABILITY = YES_AGGRESSIVE;
				CLANG_WARN_UNREACHABLE_CODE = YES;
				CLANG_WARN__DUPLICATE_METHOD_MATCH = YES;
				CODE_SIGN_IDENTITY = "Apple Development";
				CODE_SIGN_STYLE = Manual;
				COPY_PHASE_STRIP = NO;
				CURRENT_PROJECT_VERSION = 18;
				DEAD_CODE_STRIPPING = YES;
				DEBUG_INFORMATION_FORMAT = "dwarf-with-dsym";
				DEVELOPMENT_TEAM = U433596CL8;
				ENABLE_HARDENED_RUNTIME = YES;
				ENABLE_NS_ASSERTIONS = NO;
				ENABLE_STRICT_OBJC_MSGSEND = YES;
				FILENEST_SPARKLE_PUBLIC_KEY = "";
				FILENEST_UPDATE_FEED_URL = "";
				GCC_C_LANGUAGE_STANDARD = gnu11;
				GCC_NO_COMMON_BLOCKS = YES;
				GCC_WARN_64_TO_32_BIT_CONVERSION = YES;
				GCC_WARN_ABOUT_RETURN_TYPE = YES_ERROR;
				GCC_WARN_UNDECLARED_SELECTOR = YES;
				GCC_WARN_UNINITIALIZED_AUTOS = YES_AGGRESSIVE;
				GCC_WARN_UNUSED_FUNCTION = YES;
				GCC_WARN_UNUSED_VARIABLE = YES;
				GENERATE_INFOPLIST_FILE = YES;
				INFOPLIST_KEY_LSApplicationCategoryType = "public.app-category.productivity";
				INFOPLIST_KEY_NSHumanReadableCopyright = "Copyright (c) 2026 FileNest";
				MACOSX_DEPLOYMENT_TARGET = 13.0;
				MARKETING_VERSION = 0.2.13;
				MTL_ENABLE_DEBUG_INFO = NO;
				MTL_FAST_MATH = YES;
				PRODUCT_NAME = "$(TARGET_NAME)";
				SDKROOT = macosx;
				SWIFT_COMPILATION_MODE = wholemodule;
				SWIFT_OPTIMIZATION_LEVEL = "-O";
				SWIFT_STRICT_CONCURRENCY = minimal;
				SWIFT_VERSION = 5.9;
			};
			name = Release;
		};
		CD1300A8A5F3F8906D95C060 /* Debug */ = {
			isa = XCBuildConfiguration;
			buildSettings = {
				ASSETCATALOG_COMPILER_APPICON_NAME = AppIcon;
				COMBINE_HIDPI_IMAGES = YES;
				ENABLE_PREVIEWS = YES;
				INFOPLIST_KEY_CFBundleDisplayName = "FileNest Dev";
				INFOPLIST_KEY_LSUIElement = NO;
				LD_RUNPATH_SEARCH_PATHS = (
					"$(inherited)",
					"@executable_path/../Frameworks",
				);
				PRODUCT_BUNDLE_IDENTIFIER = com.local.filenest.dev;
				PRODUCT_MODULE_NAME = FileNest;
				PRODUCT_NAME = "FileNest Dev";
				SDKROOT = macosx;
			};
			name = Debug;
		};
		CE7FA41FC0262DC69DB6EF8F /* Release */ = {
			isa = XCBuildConfiguration;
			buildSettings = {
				BUNDLE_LOADER = "$(TEST_HOST)";
				COMBINE_HIDPI_IMAGES = YES;
				LD_RUNPATH_SEARCH_PATHS = (
					"$(inherited)",
					"@executable_path/../Frameworks",
					"@loader_path/../Frameworks",
				);
				MACOSX_DEPLOYMENT_TARGET = 14.0;
				PRODUCT_BUNDLE_IDENTIFIER = com.local.FileNestTests;
				SDKROOT = macosx;
				TEST_HOST = "$(BUILT_PRODUCTS_DIR)/FileNest.app/Contents/MacOS/FileNest";
			};
			name = Release;
		};
/* End XCBuildConfiguration section */

/* Begin XCConfigurationList section */
		712E2972C70649E310E24CC1 /* Build configuration list for PBXNativeTarget "FileNest" */ = {
			isa = XCConfigurationList;
			buildConfigurations = (
				CD1300A8A5F3F8906D95C060 /* Debug */,
				C20393FF8B9D971249BD8EA8 /* Release */,
			);
			defaultConfigurationIsVisible = 0;
			defaultConfigurationName = Debug;
		};
		B1D364D1E99198B50AB9522B /* Build configuration list for PBXNativeTarget "FileNestSkillCLI" */ = {
			isa = XCConfigurationList;
			buildConfigurations = (
				34893C623293C7DD4CABA538 /* Debug */,
				007DC572D8B17503B623E583 /* Release */,
			);
			defaultConfigurationIsVisible = 0;
			defaultConfigurationName = Debug;
		};
		CFF4DAF643A79FD34C34D454 /* Build configuration list for PBXNativeTarget "FileNestTests" */ = {
			isa = XCConfigurationList;
			buildConfigurations = (
				6B81FD71A509F5D28BF8221B /* Debug */,
				CE7FA41FC0262DC69DB6EF8F /* Release */,
			);
			defaultConfigurationIsVisible = 0;
			defaultConfigurationName = Debug;
		};
		E15352FB519BE66FE70DCAC8 /* Build configuration list for PBXProject "FileNest" */ = {
			isa = XCConfigurationList;
			buildConfigurations = (
				9F83E1F3AA006E79EC9D8592 /* Debug */,
				C9BC74978B9423D5EA128519 /* Release */,
			);
			defaultConfigurationIsVisible = 0;
			defaultConfigurationName = Debug;
		};
/* End XCConfigurationList section */

/* Begin XCLocalSwiftPackageReference section */
		75DE0F358CD8E455AFAF0AA2 /* XCLocalSwiftPackageReference "Vendor/SQLiteVec" */ = {
			isa = XCLocalSwiftPackageReference;
			relativePath = Vendor/SQLiteVec;
		};
/* End XCLocalSwiftPackageReference section */

/* Begin XCRemoteSwiftPackageReference section */
		2C62EC91FBB26C3FE5D739BD /* XCRemoteSwiftPackageReference "GRDB.swift" */ = {
			isa = XCRemoteSwiftPackageReference;
			repositoryURL = "https://github.com/groue/GRDB.swift";
			requirement = {
				kind = upToNextMajorVersion;
				minimumVersion = 6.29.0;
			};
		};
		85EF8E93DC16AE8D5C6B4E2A /* XCRemoteSwiftPackageReference "Sparkle" */ = {
			isa = XCRemoteSwiftPackageReference;
			repositoryURL = "https://github.com/sparkle-project/Sparkle";
			requirement = {
				kind = upToNextMajorVersion;
				minimumVersion = 2.9.3;
			};
		};
		AC8C82323C3270EA3FAC4E81 /* XCRemoteSwiftPackageReference "swift-markdown-ui" */ = {
			isa = XCRemoteSwiftPackageReference;
			repositoryURL = "https://github.com/gonzalezreal/swift-markdown-ui.git";
			requirement = {
				kind = upToNextMajorVersion;
				minimumVersion = 2.4.1;
			};
		};
		DCD68FCB5BF229B46802D54D /* XCRemoteSwiftPackageReference "ZIPFoundation" */ = {
			isa = XCRemoteSwiftPackageReference;
			repositoryURL = "https://github.com/weichsel/ZIPFoundation.git";
			requirement = {
				kind = upToNextMajorVersion;
				minimumVersion = 0.9.20;
			};
		};
/* End XCRemoteSwiftPackageReference section */

/* Begin XCSwiftPackageProductDependency section */
		101F44DB3C904905BA9E50BB /* ZIPFoundation */ = {
			isa = XCSwiftPackageProductDependency;
			package = DCD68FCB5BF229B46802D54D /* XCRemoteSwiftPackageReference "ZIPFoundation" */;
			productName = ZIPFoundation;
		};
		190F7700405997953654E162 /* ZIPFoundation */ = {
			isa = XCSwiftPackageProductDependency;
			package = DCD68FCB5BF229B46802D54D /* XCRemoteSwiftPackageReference "ZIPFoundation" */;
			productName = ZIPFoundation;
		};
		64E59484A5961578C5B1A8A2 /* GRDB */ = {
			isa = XCSwiftPackageProductDependency;
			package = 2C62EC91FBB26C3FE5D739BD /* XCRemoteSwiftPackageReference "GRDB.swift" */;
			productName = GRDB;
		};
		8816A508D9E30086057930AC /* SQLiteVec */ = {
			isa = XCSwiftPackageProductDependency;
			productName = SQLiteVec;
		};
		A5DA86309B1EC6717579503C /* GRDB */ = {
			isa = XCSwiftPackageProductDependency;
			package = 2C62EC91FBB26C3FE5D739BD /* XCRemoteSwiftPackageReference "GRDB.swift" */;
			productName = GRDB;
		};
		B133311215B159A189D09E54 /* MarkdownUI */ = {
			isa = XCSwiftPackageProductDependency;
			package = AC8C82323C3270EA3FAC4E81 /* XCRemoteSwiftPackageReference "swift-markdown-ui" */;
			productName = MarkdownUI;
		};
		C1BDC54AEBEC9EC9960E5C72 /* Sparkle */ = {
			isa = XCSwiftPackageProductDependency;
			package = 85EF8E93DC16AE8D5C6B4E2A /* XCRemoteSwiftPackageReference "Sparkle" */;
			productName = Sparkle;
		};
/* End XCSwiftPackageProductDependency section */
	};
	rootObject = ACE28B5881AECD5B8031A374 /* Project object */;
}
